{
  "name": "ar_ticles_final_version",
  "lockfileVersion": 3,
  "requires": true,
  "packages": {
    "": {
      "dependencies": {
        "@ustinnov/text-to-upper-case": "^1.0.0"
      }
    },
    "node_modules/@ustinnov/text-to-upper-case": {
      "version": "1.0.0",
      "resolved": "https://registry.npmjs.org/@ustinnov/text-to-upper-case/-/text-to-upper-case-1.0.0.tgz",
      "integrity": "sha512-wAXMdtSH1VdBkAWmWuLk0OkHVaxlie2tnt+pXHKGQTrQ+8QXxp5PZL19ZIOBu93ZWCj7KJ1XPwbVgd99TBe54Q==",
      "dependencies": {
        "mkdirp": "^3.0.1"
      }
    },
    "node_modules/mkdirp": {
      "version": "3.0.1",
      "resolved": "https://registry.npmjs.org/mkdirp/-/mkdirp-3.0.1.tgz",
      "integrity": "sha512-+NsyUUAZDmo6YVHzL/stxSu3t9YS1iljliy3BSDrXJ/dkn1KYdmtZODGGjLcc9XLgVVpH4KshHB8XmZgMhaBXg==",
      "bin": {
        "mkdirp": "dist/cjs/src/bin.js"
      },
      "engines": {
        "node": ">=10"
      },
      "funding": {
        "url": "https://github.com/sponsors/isaacs"
      }
    }
  }
}
